{
  "name": "juliebrown2",
  "version": "1.0.0",
  "lockfileVersion": 1,
  "requires": true,
  "dependencies": {
    "bounds.js": {
      "version": "1.0.3",
      "resolved": "https://registry.npmjs.org/bounds.js/-/bounds.js-1.0.3.tgz",
      "integrity": "sha512-jhQgUD/fagytMSdYiW7rS6NK5ZDv020pqv6FgPnLVjml9O5vbDz3qvMvFo94CzAGCIMTrbsU8+Qe6TCukZWTjA=="
    }
  }
}
